
Microsoft Visual Studio Solution File, Format Version 12.00
# Visual Studio Version 17
VisualStudioVersion = 17.9.34616.47
MinimumVisualStudioVersion = 10.0.40219.1
Project("{FAE04EC0-301F-11D3-BF4B-00C04F79EFBC}") = "Unimarket.API", "Unimarket\Unimarket.API.csproj", "{E60DA575-7D40-445F-ABE3-A2D680B0C51C}"
EndProject
Project("{FAE04EC0-301F-11D3-BF4B-00C04F79EFBC}") = "Unimarket.Core", "Unimarket.Core\Unimarket.Core.csproj", "{FB3CCF2B-C181-4EA0-949B-577C33C5F386}"
EndProject
Project("{FAE04EC0-301F-11D3-BF4B-00C04F79EFBC}") = "Unimarket.Infracstruture", "Unimarket.Infracstruture\Unimarket.Infracstruture.csproj", "{8121D97D-8090-4845-94C4-5AA94D3FCD7A}"
EndProject
Global
	GlobalSection(SolutionConfigurationPlatforms) = preSolution
		Debug|Any CPU = Debug|Any CPU
		Release|Any CPU = Release|Any CPU
	EndGlobalSection
	GlobalSection(ProjectConfigurationPlatforms) = postSolution
		{E60DA575-7D40-445F-ABE3-A2D680B0C51C}.Debug|Any CPU.ActiveCfg = Debug|Any CPU
		{E60DA575-7D40-445F-ABE3-A2D680B0C51C}.Debug|Any CPU.Build.0 = Debug|Any CPU
		{E60DA575-7D40-445F-ABE3-A2D680B0C51C}.Release|Any CPU.ActiveCfg = Release|Any CPU
		{E60DA575-7D40-445F-ABE3-A2D680B0C51C}.Release|Any CPU.Build.0 = Release|Any CPU
		{FB3CCF2B-C181-4EA0-949B-577C33C5F386}.Debug|Any CPU.ActiveCfg = Debug|Any CPU
		{FB3CCF2B-C181-4EA0-949B-577C33C5F386}.Debug|Any CPU.Build.0 = Debug|Any CPU
		{FB3CCF2B-C181-4EA0-949B-577C33C5F386}.Release|Any CPU.ActiveCfg = Release|Any CPU
		{FB3CCF2B-C181-4EA0-949B-577C33C5F386}.Release|Any CPU.Build.0 = Release|Any CPU
		{8121D97D-8090-4845-94C4-5AA94D3FCD7A}.Debug|Any CPU.ActiveCfg = Debug|Any CPU
		{8121D97D-8090-4845-94C4-5AA94D3FCD7A}.Debug|Any CPU.Build.0 = Debug|Any CPU
		{8121D97D-8090-4845-94C4-5AA94D3FCD7A}.Release|Any CPU.ActiveCfg = Release|Any CPU
		{8121D97D-8090-4845-94C4-5AA94D3FCD7A}.Release|Any CPU.Build.0 = Release|Any CPU
	EndGlobalSection
	GlobalSection(SolutionProperties) = preSolution
		HideSolutionNode = FALSE
	EndGlobalSection
	GlobalSection(ExtensibilityGlobals) = postSolution
		SolutionGuid = {D84ACB76-AA4E-4AA1-8B69-4C0FC847D947}
	EndGlobalSection
EndGlobal
